// !$*UTF8*$!
{
	archiveVersion = 1;
	classes = {
	};
	objectVersion = 56;
	objects = {

/* Begin PBXBuildFile section */
		43D3EC6A29D9B646005F6CD2 /* RandomSwiftUIPLaygroundApp.swift in Sources */ = {isa = PBXBuildFile; fileRef = 43D3EC6929D9B646005F6CD2 /* RandomSwiftUIPLaygroundApp.swift */; };
		43D3EC6C29D9B646005F6CD2 /* ContentView.swift in Sources */ = {isa = PBXBuildFile; fileRef = 43D3EC6B29D9B646005F6CD2 /* ContentView.swift */; };
		43D3EC7B29D9B71C005F6CD2 /* NavContentView.swift in Sources */ = {isa = PBXBuildFile; fileRef = 43D3EC7A29D9B71C005F6CD2 /* NavContentView.swift */; };
		43D3EC8029D9C210005F6CD2 /* NavStackNavLinkContentView.swift in Sources */ = {isa = PBXBuildFile; fileRef = 43D3EC7F29D9C210005F6CD2 /* NavStackNavLinkContentView.swift */; };
		43D3EC8229D9C24F005F6CD2 /* CarDetailView.swift in Sources */ = {isa = PBXBuildFile; fileRef = 43D3EC8129D9C24F005F6CD2 /* CarDetailView.swift */; };
		43D3EC8729D9CF77005F6CD2 /* Car.swift in Sources */ = {isa = PBXBuildFile; fileRef = 43D3EC8629D9CF77005F6CD2 /* Car.swift */; };
		43D3EC8929D9CF83005F6CD2 /* CarType.swift in Sources */ = {isa = PBXBuildFile; fileRef = 43D3EC8829D9CF83005F6CD2 /* CarType.swift */; };
		43D3EC8E29D9D288005F6CD2 /* NavStackDestinationContentView.swift in Sources */ = {isa = PBXBuildFile; fileRef = 43D3EC8D29D9D288005F6CD2 /* NavStackDestinationContentView.swift */; };
		43D3EC9029D9D3FF005F6CD2 /* NavStackValueBasedContentView.swift in Sources */ = {isa = PBXBuildFile; fileRef = 43D3EC8F29D9D3FF005F6CD2 /* NavStackValueBasedContentView.swift */; };
		43D3EC9229D9D6FA005F6CD2 /* CarTypeView.swift in Sources */ = {isa = PBXBuildFile; fileRef = 43D3EC9129D9D6FA005F6CD2 /* CarTypeView.swift */; };
		43D3EC9529D9D893005F6CD2 /* ViewType.swift in Sources */ = {isa = PBXBuildFile; fileRef = 43D3EC9429D9D893005F6CD2 /* ViewType.swift */; };
/* End PBXBuildFile section */

/* Begin PBXFileReference section */
		43D3EC6629D9B646005F6CD2 /* NavigationStackSwiftUIPLayground.app */ = {isa = PBXFileReference; explicitFileType = wrapper.application; includeInIndex = 0; path = NavigationStackSwiftUIPLayground.app; sourceTree = BUILT_PRODUCTS_DIR; };
		43D3EC6929D9B646005F6CD2 /* RandomSwiftUIPLaygroundApp.swift */ = {isa = PBXFileReference; lastKnownFileType = sourcecode.swift; path = RandomSwiftUIPLaygroundApp.swift; sourceTree = "<group>"; };
		43D3EC6B29D9B646005F6CD2 /* ContentView.swift */ = {isa = PBXFileReference; lastKnownFileType = sourcecode.swift; path = ContentView.swift; sourceTree = "<group>"; };
		43D3EC7A29D9B71C005F6CD2 /* NavContentView.swift */ = {isa = PBXFileReference; lastKnownFileType = sourcecode.swift; path = NavContentView.swift; sourceTree = "<group>"; };
		43D3EC7F29D9C210005F6CD2 /* NavStackNavLinkContentView.swift */ = {isa = PBXFileReference; lastKnownFileType = sourcecode.swift; path = NavStackNavLinkContentView.swift; sourceTree = "<group>"; };
		43D3EC8129D9C24F005F6CD2 /* CarDetailView.swift */ = {isa = PBXFileReference; lastKnownFileType = sourcecode.swift; path = CarDetailView.swift; sourceTree = "<group>"; };
		43D3EC8629D9CF77005F6CD2 /* Car.swift */ = {isa = PBXFileReference; lastKnownFileType = sourcecode.swift; path = Car.swift; sourceTree = "<group>"; };
		43D3EC8829D9CF83005F6CD2 /* CarType.swift */ = {isa = PBXFileReference; lastKnownFileType = sourcecode.swift; path = CarType.swift; sourceTree = "<group>"; };
		43D3EC8D29D9D288005F6CD2 /* NavStackDestinationContentView.swift */ = {isa = PBXFileReference; fileEncoding = 4; lastKnownFileType = sourcecode.swift; path = NavStackDestinationContentView.swift; sourceTree = "<group>"; };
		43D3EC8F29D9D3FF005F6CD2 /* NavStackValueBasedContentView.swift */ = {isa = PBXFileReference; lastKnownFileType = sourcecode.swift; path = NavStackValueBasedContentView.swift; sourceTree = "<group>"; };
		43D3EC9129D9D6FA005F6CD2 /* CarTypeView.swift */ = {isa = PBXFileReference; lastKnownFileType = sourcecode.swift; path = CarTypeView.swift; sourceTree = "<group>"; };
		43D3EC9429D9D893005F6CD2 /* ViewType.swift */ = {isa = PBXFileReference; lastKnownFileType = sourcecode.swift; path = ViewType.swift; sourceTree = "<group>"; };
/* End PBXFileReference section */

/* Begin PBXFrameworksBuildPhase section */
		43D3EC6329D9B646005F6CD2 /* Frameworks */ = {
			isa = PBXFrameworksBuildPhase;
			buildActionMask = 2147483647;
			files = (
			);
			runOnlyForDeploymentPostprocessing = 0;
		};
/* End PBXFrameworksBuildPhase section */

/* Begin PBXGroup section */
		43D3EC5D29D9B646005F6CD2 = {
			isa = PBXGroup;
			children = (
				43D3EC6829D9B646005F6CD2 /* NavigationStackSwiftUIPLayground */,
				43D3EC6729D9B646005F6CD2 /* Products */,
			);
			sourceTree = "<group>";
		};
		43D3EC6729D9B646005F6CD2 /* Products */ = {
			isa = PBXGroup;
			children = (
				43D3EC6629D9B646005F6CD2 /* NavigationStackSwiftUIPLayground.app */,
			);
			name = Products;
			sourceTree = "<group>";
		};
		43D3EC6829D9B646005F6CD2 /* NavigationStackSwiftUIPLayground */ = {
			isa = PBXGroup;
			children = (
				43D3EC7C29D9B772005F6CD2 /* Main */,
				43D3EC8529D9CF5A005F6CD2 /* Models */,
				43D3EC7E29D9B7AF005F6CD2 /* NavigationStack */,
				43D3EC7929D9B68B005F6CD2 /* NavigationView */,
				43D3EC9329D9D7CF005F6CD2 /* SharedComponentViews */,
				43D3EC7D29D9B77F005F6CD2 /* Other */,
			);
			path = NavigationStackSwiftUIPLayground;
			sourceTree = "<group>";
		};
		43D3EC7929D9B68B005F6CD2 /* NavigationView */ = {
			isa = PBXGroup;
			children = (
				43D3EC7A29D9B71C005F6CD2 /* NavContentView.swift */,
			);
			path = NavigationView;
			sourceTree = "<group>";
		};
		43D3EC7C29D9B772005F6CD2 /* Main */ = {
			isa = PBXGroup;
			children = (
				43D3EC6929D9B646005F6CD2 /* RandomSwiftUIPLaygroundApp.swift */,
			);
			path = Main;
			sourceTree = "<group>";
		};
		43D3EC7D29D9B77F005F6CD2 /* Other */ = {
			isa = PBXGroup;
			children = (
				43D3EC6B29D9B646005F6CD2 /* ContentView.swift */,
			);
			path = Other;
			sourceTree = "<group>";
		};
		43D3EC7E29D9B7AF005F6CD2 /* NavigationStack */ = {
			isa = PBXGroup;
			children = (
				43D3EC7F29D9C210005F6CD2 /* NavStackNavLinkContentView.swift */,
				43D3EC8D29D9D288005F6CD2 /* NavStackDestinationContentView.swift */,
				43D3EC8F29D9D3FF005F6CD2 /* NavStackValueBasedContentView.swift */,
			);
			path = NavigationStack;
			sourceTree = "<group>";
		};
		43D3EC8529D9CF5A005F6CD2 /* Models */ = {
			isa = PBXGroup;
			children = (
				43D3EC8629D9CF77005F6CD2 /* Car.swift */,
				43D3EC8829D9CF83005F6CD2 /* CarType.swift */,
			);
			path = Models;
			sourceTree = "<group>";
		};
		43D3EC9329D9D7CF005F6CD2 /* SharedComponentViews */ = {
			isa = PBXGroup;
			children = (
				43D3EC9429D9D893005F6CD2 /* ViewType.swift */,
				43D3EC8129D9C24F005F6CD2 /* CarDetailView.swift */,
				43D3EC9129D9D6FA005F6CD2 /* CarTypeView.swift */,
			);
			path = SharedComponentViews;
			sourceTree = "<group>";
		};
/* End PBXGroup section */

/* Begin PBXNativeTarget section */
		43D3EC6529D9B646005F6CD2 /* NavigationStackSwiftUIPLayground */ = {
			isa = PBXNativeTarget;
			buildConfigurationList = 43D3EC7429D9B648005F6CD2 /* Build configuration list for PBXNativeTarget "NavigationStackSwiftUIPLayground" */;
			buildPhases = (
				43D3EC6229D9B646005F6CD2 /* Sources */,
				43D3EC6329D9B646005F6CD2 /* Frameworks */,
				43D3EC6429D9B646005F6CD2 /* Resources */,
			);
			buildRules = (
			);
			dependencies = (
			);
			name = NavigationStackSwiftUIPLayground;
			productName = RandomSwiftUIPLayground;
			productReference = 43D3EC6629D9B646005F6CD2 /* NavigationStackSwiftUIPLayground.app */;
			productType = "com.apple.product-type.application";
		};
/* End PBXNativeTarget section */

/* Begin PBXProject section */
		43D3EC5E29D9B646005F6CD2 /* Project object */ = {
			isa = PBXProject;
			attributes = {
				BuildIndependentTargetsInParallel = 1;
				LastSwiftUpdateCheck = 1410;
				LastUpgradeCheck = 1410;
				TargetAttributes = {
					43D3EC6529D9B646005F6CD2 = {
						CreatedOnToolsVersion = 14.1;
					};
				};
			};
			buildConfigurationList = 43D3EC6129D9B646005F6CD2 /* Build configuration list for PBXProject "NavigationStackSwiftUIPLayground" */;
			compatibilityVersion = "Xcode 14.0";
			developmentRegion = en;
			hasScannedForEncodings = 0;
			knownRegions = (
				en,
				Base,
			);
			mainGroup = 43D3EC5D29D9B646005F6CD2;
			productRefGroup = 43D3EC6729D9B646005F6CD2 /* Products */;
			projectDirPath = "";
			projectRoot = "";
			targets = (
				43D3EC6529D9B646005F6CD2 /* NavigationStackSwiftUIPLayground */,
			);
		};
/* End PBXProject section */

/* Begin PBXResourcesBuildPhase section */
		43D3EC6429D9B646005F6CD2 /* Resources */ = {
			isa = PBXResourcesBuildPhase;
			buildActionMask = 2147483647;
			files = (
			);
			runOnlyForDeploymentPostprocessing = 0;
		};
/* End PBXResourcesBuildPhase section */

/* Begin PBXSourcesBuildPhase section */
		43D3EC6229D9B646005F6CD2 /* Sources */ = {
			isa = PBXSourcesBuildPhase;
			buildActionMask = 2147483647;
			files = (
				43D3EC8E29D9D288005F6CD2 /* NavStackDestinationContentView.swift in Sources */,
				43D3EC8029D9C210005F6CD2 /* NavStackNavLinkContentView.swift in Sources */,
				43D3EC8729D9CF77005F6CD2 /* Car.swift in Sources */,
				43D3EC9229D9D6FA005F6CD2 /* CarTypeView.swift in Sources */,
				43D3EC6C29D9B646005F6CD2 /* ContentView.swift in Sources */,
				43D3EC9529D9D893005F6CD2 /* ViewType.swift in Sources */,
				43D3EC7B29D9B71C005F6CD2 /* NavContentView.swift in Sources */,
				43D3EC8929D9CF83005F6CD2 /* CarType.swift in Sources */,
				43D3EC6A29D9B646005F6CD2 /* RandomSwiftUIPLaygroundApp.swift in Sources */,
				43D3EC8229D9C24F005F6CD2 /* CarDetailView.swift in Sources */,
				43D3EC9029D9D3FF005F6CD2 /* NavStackValueBasedContentView.swift in Sources */,
			);
			runOnlyForDeploymentPostprocessing = 0;
		};
/* End PBXSourcesBuildPhase section */

/* Begin XCBuildConfiguration section */
		43D3EC7229D9B648005F6CD2 /* Debug */ = {
			isa = XCBuildConfiguration;
			buildSettings = {
				ALWAYS_SEARCH_USER_PATHS = NO;
				CLANG_ANALYZER_NONNULL = YES;
				CLANG_ANALYZER_NUMBER_OBJECT_CONVERSION = YES_AGGRESSIVE;
				CLANG_CXX_LANGUAGE_STANDARD = "gnu++20";
				CLANG_ENABLE_MODULES = YES;
				CLANG_ENABLE_OBJC_ARC = YES;
				CLANG_ENABLE_OBJC_WEAK = YES;
				CLANG_WARN_BLOCK_CAPTURE_AUTORELEASING = YES;
				CLANG_WARN_BOOL_CONVERSION = YES;
				CLANG_WARN_COMMA = YES;
				CLANG_WARN_CONSTANT_CONVERSION = YES;
				CLANG_WARN_DEPRECATED_OBJC_IMPLEMENTATIONS = YES;
				CLANG_WARN_DIRECT_OBJC_ISA_USAGE = YES_ERROR;
				CLANG_WARN_DOCUMENTATION_COMMENTS = YES;
				CLANG_WARN_EMPTY_BODY = YES;
				CLANG_WARN_ENUM_CONVERSION = YES;
				CLANG_WARN_INFINITE_RECURSION = YES;
				CLANG_WARN_INT_CONVERSION = YES;
				CLANG_WARN_NON_LITERAL_NULL_CONVERSION = YES;
				CLANG_WARN_OBJC_IMPLICIT_RETAIN_SELF = YES;
				CLANG_WARN_OBJC_LITERAL_CONVERSION = YES;
				CLANG_WARN_OBJC_ROOT_CLASS = YES_ERROR;
				CLANG_WARN_QUOTED_INCLUDE_IN_FRAMEWORK_HEADER = YES;
				CLANG_WARN_RANGE_LOOP_ANALYSIS = YES;
				CLANG_WARN_STRICT_PROTOTYPES = YES;
				CLANG_WARN_SUSPICIOUS_MOVE = YES;
				CLANG_WARN_UNGUARDED_AVAILABILITY = YES_AGGRESSIVE;
				CLANG_WARN_UNREACHABLE_CODE = YES;
				CLANG_WARN__DUPLICATE_METHOD_MATCH = YES;
				COPY_PHASE_STRIP = NO;
				DEBUG_INFORMATION_FORMAT = dwarf;
				ENABLE_STRICT_OBJC_MSGSEND = YES;
				ENABLE_TESTABILITY = YES;
				GCC_C_LANGUAGE_STANDARD = gnu11;
				GCC_DYNAMIC_NO_PIC = NO;
				GCC_NO_COMMON_BLOCKS = YES;
				GCC_OPTIMIZATION_LEVEL = 0;
				GCC_PREPROCESSOR_DEFINITIONS = (
					"DEBUG=1",
					"$(inherited)",
				);
				GCC_WARN_64_TO_32_BIT_CONVERSION = YES;
				GCC_WARN_ABOUT_RETURN_TYPE = YES_ERROR;
				GCC_WARN_UNDECLARED_SELECTOR = YES;
				GCC_WARN_UNINITIALIZED_AUTOS = YES_AGGRESSIVE;
				GCC_WARN_UNUSED_FUNCTION = YES;
				GCC_WARN_UNUSED_VARIABLE = YES;
				IPHONEOS_DEPLOYMENT_TARGET = 16.1;
				MTL_ENABLE_DEBUG_INFO = INCLUDE_SOURCE;
				MTL_FAST_MATH = YES;
				ONLY_ACTIVE_ARCH = YES;
				SDKROOT = iphoneos;
				SWIFT_ACTIVE_COMPILATION_CONDITIONS = DEBUG;
				SWIFT_OPTIMIZATION_LEVEL = "-Onone";
			};
			name = Debug;
		};
		43D3EC7329D9B648005F6CD2 /* Release */ = {
			isa = XCBuildConfiguration;
			buildSettings = {
				ALWAYS_SEARCH_USER_PATHS = NO;
				CLANG_ANALYZER_NONNULL = YES;
				CLANG_ANALYZER_NUMBER_OBJECT_CONVERSION = YES_AGGRESSIVE;
				CLANG_CXX_LANGUAGE_STANDARD = "gnu++20";
				CLANG_ENABLE_MODULES = YES;
				CLANG_ENABLE_OBJC_ARC = YES;
				CLANG_ENABLE_OBJC_WEAK = YES;
				CLANG_WARN_BLOCK_CAPTURE_AUTORELEASING = YES;
				CLANG_WARN_BOOL_CONVERSION = YES;
				CLANG_WARN_COMMA = YES;
				CLANG_WARN_CONSTANT_CONVERSION = YES;
				CLANG_WARN_DEPRECATED_OBJC_IMPLEMENTATIONS = YES;
				CLANG_WARN_DIRECT_OBJC_ISA_USAGE = YES_ERROR;
				CLANG_WARN_DOCUMENTATION_COMMENTS = YES;
				CLANG_WARN_EMPTY_BODY = YES;
				CLANG_WARN_ENUM_CONVERSION = YES;
				CLANG_WARN_INFINITE_RECURSION = YES;
				CLANG_WARN_INT_CONVERSION = YES;
				CLANG_WARN_NON_LITERAL_NULL_CONVERSION = YES;
				CLANG_WARN_OBJC_IMPLICIT_RETAIN_SELF = YES;
				CLANG_WARN_OBJC_LITERAL_CONVERSION = YES;
				CLANG_WARN_OBJC_ROOT_CLASS = YES_ERROR;
				CLANG_WARN_QUOTED_INCLUDE_IN_FRAMEWORK_HEADER = YES;
				CLANG_WARN_RANGE_LOOP_ANALYSIS = YES;
				CLANG_WARN_STRICT_PROTOTYPES = YES;
				CLANG_WARN_SUSPICIOUS_MOVE = YES;
				CLANG_WARN_UNGUARDED_AVAILABILITY = YES_AGGRESSIVE;
				CLANG_WARN_UNREACHABLE_CODE = YES;
				CLANG_WARN__DUPLICATE_METHOD_MATCH = YES;
				COPY_PHASE_STRIP = NO;
				DEBUG_INFORMATION_FORMAT = "dwarf-with-dsym";
				ENABLE_NS_ASSERTIONS = NO;
				ENABLE_STRICT_OBJC_MSGSEND = YES;
				GCC_C_LANGUAGE_STANDARD = gnu11;
				GCC_NO_COMMON_BLOCKS = YES;
				GCC_WARN_64_TO_32_BIT_CONVERSION = YES;
				GCC_WARN_ABOUT_RETURN_TYPE = YES_ERROR;
				GCC_WARN_UNDECLARED_SELECTOR = YES;
				GCC_WARN_UNINITIALIZED_AUTOS = YES_AGGRESSIVE;
				GCC_WARN_UNUSED_FUNCTION = YES;
				GCC_WARN_UNUSED_VARIABLE = YES;
				IPHONEOS_DEPLOYMENT_TARGET = 16.1;
				MTL_ENABLE_DEBUG_INFO = NO;
				MTL_FAST_MATH = YES;
				SDKROOT = iphoneos;
				SWIFT_COMPILATION_MODE = wholemodule;
				SWIFT_OPTIMIZATION_LEVEL = "-O";
				VALIDATE_PRODUCT = YES;
			};
			name = Release;
		};
		43D3EC7529D9B648005F6CD2 /* Debug */ = {
			isa = XCBuildConfiguration;
			buildSettings = {
				ASSETCATALOG_COMPILER_APPICON_NAME = AppIcon;
				ASSETCATALOG_COMPILER_GLOBAL_ACCENT_COLOR_NAME = AccentColor;
				CODE_SIGN_STYLE = Automatic;
				CURRENT_PROJECT_VERSION = 1;
				ENABLE_PREVIEWS = YES;
				GENERATE_INFOPLIST_FILE = YES;
				INFOPLIST_KEY_UIApplicationSceneManifest_Generation = YES;
				INFOPLIST_KEY_UIApplicationSupportsIndirectInputEvents = YES;
				INFOPLIST_KEY_UILaunchScreen_Generation = YES;
				INFOPLIST_KEY_UISupportedInterfaceOrientations_iPad = "UIInterfaceOrientationPortrait UIInterfaceOrientationPortraitUpsideDown UIInterfaceOrientationLandscapeLeft UIInterfaceOrientationLandscapeRight";
				INFOPLIST_KEY_UISupportedInterfaceOrientations_iPhone = "UIInterfaceOrientationPortrait UIInterfaceOrientationLandscapeLeft UIInterfaceOrientationLandscapeRight";
				LD_RUNPATH_SEARCH_PATHS = (
					"$(inherited)",
					"@executable_path/Frameworks",
				);
				MARKETING_VERSION = 1.0;
				PRODUCT_BUNDLE_IDENTIFIER = com.randomplayground.NavigationStackSwiftUIPLayground;
				PRODUCT_NAME = "$(TARGET_NAME)";
				SWIFT_EMIT_LOC_STRINGS = YES;
				SWIFT_VERSION = 5.0;
				TARGETED_DEVICE_FAMILY = "1,2";
			};
			name = Debug;
		};
		43D3EC7629D9B648005F6CD2 /* Release */ = {
			isa = XCBuildConfiguration;
			buildSettings = {
				ASSETCATALOG_COMPILER_APPICON_NAME = AppIcon;
				ASSETCATALOG_COMPILER_GLOBAL_ACCENT_COLOR_NAME = AccentColor;
				CODE_SIGN_STYLE = Automatic;
				CURRENT_PROJECT_VERSION = 1;
				ENABLE_PREVIEWS = YES;
				GENERATE_INFOPLIST_FILE = YES;
				INFOPLIST_KEY_UIApplicationSceneManifest_Generation = YES;
				INFOPLIST_KEY_UIApplicationSupportsIndirectInputEvents = YES;
				INFOPLIST_KEY_UILaunchScreen_Generation = YES;
				INFOPLIST_KEY_UISupportedInterfaceOrientations_iPad = "UIInterfaceOrientationPortrait UIInterfaceOrientationPortraitUpsideDown UIInterfaceOrientationLandscapeLeft UIInterfaceOrientationLandscapeRight";
				INFOPLIST_KEY_UISupportedInterfaceOrientations_iPhone = "UIInterfaceOrientationPortrait UIInterfaceOrientationLandscapeLeft UIInterfaceOrientationLandscapeRight";
				LD_RUNPATH_SEARCH_PATHS = (
					"$(inherited)",
					"@executable_path/Frameworks",
				);
				MARKETING_VERSION = 1.0;
				PRODUCT_BUNDLE_IDENTIFIER = com.randomplayground.NavigationStackSwiftUIPLayground;
				PRODUCT_NAME = "$(TARGET_NAME)";
				SWIFT_EMIT_LOC_STRINGS = YES;
				SWIFT_VERSION = 5.0;
				TARGETED_DEVICE_FAMILY = "1,2";
			};
			name = Release;
		};
/* End XCBuildConfiguration section */

/* Begin XCConfigurationList section */
		43D3EC6129D9B646005F6CD2 /* Build configuration list for PBXProject "NavigationStackSwiftUIPLayground" */ = {
			isa = XCConfigurationList;
			buildConfigurations = (
				43D3EC7229D9B648005F6CD2 /* Debug */,
				43D3EC7329D9B648005F6CD2 /* Release */,
			);
			defaultConfigurationIsVisible = 0;
			defaultConfigurationName = Release;
		};
		43D3EC7429D9B648005F6CD2 /* Build configuration list for PBXNativeTarget "NavigationStackSwiftUIPLayground" */ = {
			isa = XCConfigurationList;
			buildConfigurations = (
				43D3EC7529D9B648005F6CD2 /* Debug */,
				43D3EC7629D9B648005F6CD2 /* Release */,
			);
			defaultConfigurationIsVisible = 0;
			defaultConfigurationName = Release;
		};
/* End XCConfigurationList section */
	};
	rootObject = 43D3EC5E29D9B646005F6CD2 /* Project object */;
}
